
Microsoft Visual Studio Solution File, Format Version 12.00
# Visual Studio Express 2012 for Windows Phone
Project("{FAE04EC0-301F-11D3-BF4B-00C04F79EFBC}") = "MappingApplication", "MappingApplication\MappingApplication.csproj", "{77FC9B3A-E772-4B82-9A7C-47496A5E775B}"
EndProject
Global
	GlobalSection(SolutionConfigurationPlatforms) = preSolution
		Debug|Any CPU = Debug|Any CPU
		Debug|ARM = Debug|ARM
		Debug|x86 = Debug|x86
		Release|Any CPU = Release|Any CPU
		Release|ARM = Release|ARM
		Release|x86 = Release|x86
	EndGlobalSection
	GlobalSection(ProjectConfigurationPlatforms) = postSolution
		{77FC9B3A-E772-4B82-9A7C-47496A5E775B}.Debug|Any CPU.ActiveCfg = Debug|Any CPU
		{77FC9B3A-E772-4B82-9A7C-47496A5E775B}.Debug|Any CPU.Build.0 = Debug|Any CPU
		{77FC9B3A-E772-4B82-9A7C-47496A5E775B}.Debug|Any CPU.Deploy.0 = Debug|Any CPU
		{77FC9B3A-E772-4B82-9A7C-47496A5E775B}.Debug|ARM.ActiveCfg = Debug|ARM
		{77FC9B3A-E772-4B82-9A7C-47496A5E775B}.Debug|ARM.Build.0 = Debug|ARM
		{77FC9B3A-E772-4B82-9A7C-47496A5E775B}.Debug|ARM.Deploy.0 = Debug|ARM
		{77FC9B3A-E772-4B82-9A7C-47496A5E775B}.Debug|x86.ActiveCfg = Debug|x86
		{77FC9B3A-E772-4B82-9A7C-47496A5E775B}.Debug|x86.Build.0 = Debug|x86
		{77FC9B3A-E772-4B82-9A7C-47496A5E775B}.Debug|x86.Deploy.0 = Debug|x86
		{77FC9B3A-E772-4B82-9A7C-47496A5E775B}.Release|Any CPU.ActiveCfg = Release|Any CPU
		{77FC9B3A-E772-4B82-9A7C-47496A5E775B}.Release|Any CPU.Build.0 = Release|Any CPU
		{77FC9B3A-E772-4B82-9A7C-47496A5E775B}.Release|Any CPU.Deploy.0 = Release|Any CPU
		{77FC9B3A-E772-4B82-9A7C-47496A5E775B}.Release|ARM.ActiveCfg = Release|ARM
		{77FC9B3A-E772-4B82-9A7C-47496A5E775B}.Release|ARM.Build.0 = Release|ARM
		{77FC9B3A-E772-4B82-9A7C-47496A5E775B}.Release|ARM.Deploy.0 = Release|ARM
		{77FC9B3A-E772-4B82-9A7C-47496A5E775B}.Release|x86.ActiveCfg = Release|x86
		{77FC9B3A-E772-4B82-9A7C-47496A5E775B}.Release|x86.Build.0 = Release|x86
		{77FC9B3A-E772-4B82-9A7C-47496A5E775B}.Release|x86.Deploy.0 = Release|x86
	EndGlobalSection
	GlobalSection(SolutionProperties) = preSolution
		HideSolutionNode = FALSE
	EndGlobalSection
EndGlobal
